
Microsoft Visual Studio Solution File, Format Version 12.00
# Visual Studio 15
VisualStudioVersion = 15.0.28307.1927
MinimumVisualStudioVersion = 10.0.40219.1
Project("{D2ABAB84-BF74-430A-B69E-9DC6D40DDA17}") = "Restaurant_SSAS", "Restaurant_SSAS\Restaurant_SSAS.dwproj", "{218EE675-E031-4970-A756-877CB6BBF495}"
EndProject
Global
	GlobalSection(SolutionConfigurationPlatforms) = preSolution
		Development|Default = Development|Default
	EndGlobalSection
	GlobalSection(ProjectConfigurationPlatforms) = postSolution
		{218EE675-E031-4970-A756-877CB6BBF495}.Development|Default.ActiveCfg = Development
		{218EE675-E031-4970-A756-877CB6BBF495}.Development|Default.Build.0 = Development
		{218EE675-E031-4970-A756-877CB6BBF495}.Development|Default.Deploy.0 = Development
	EndGlobalSection
	GlobalSection(SolutionProperties) = preSolution
		HideSolutionNode = FALSE
	EndGlobalSection
	GlobalSection(ExtensibilityGlobals) = postSolution
		SolutionGuid = {F2C11647-076B-42C1-B57D-34126AA3738F}
	EndGlobalSection
EndGlobal
